PODS:
  - CocoaAsyncSocket (7.6.4)
  - CocoaMQTT (1.2.0):
    - CocoaAsyncSocket (~> 7.6.3)

DEPENDENCIES:
  - CocoaAsyncSocket
  - CocoaMQTT

SPEC REPOS:
  trunk:
    - CocoaAsyncSocket
    - CocoaMQTT

SPEC CHECKSUMS:
  CocoaAsyncSocket: 694058e7c0ed05a9e217d1b3c7ded962f4180845
  CocoaMQTT: 0b43b6ec5196c1ea30f4636d9ad5afa474fd616b

PODFILE CHECKSUM: 953d5a0558d7915e27bfd3247b2bbd53e6e56264

COCOAPODS: 1.9.3
